{
  "name": "storets",
  "version": "1.0.0",
  "lockfileVersion": 2,
  "requires": true,
  "packages": {
    "": {
      "name": "storets",
      "version": "1.0.0",
      "license": "ISC",
      "dependencies": {
        "@rbxts/net-ts": "^2.1.6",
        "@rbxts/services": "^1.2.2",
        "@rbxts/zone-plus": "^2.2.3"
      },
      "devDependencies": {
        "@rbxts/compiler-types": "^1.2.8-types.1",
        "@rbxts/types": "^1.0.571",
        "typescript": "^4.6.2"
      }
    },
    "node_modules/@rbxts/compiler-types": {
      "version": "1.2.8-types.1",
      "resolved": "https://registry.npmjs.org/@rbxts/compiler-types/-/compiler-types-1.2.8-types.1.tgz",
      "integrity": "sha512-lLcOa8OYJWtVnsYRrX6vc++B1fSVff979+sZ83Wo+Foa9YMf4kqcen/ydhUnu35qinggOYzyB8IUZ3qi7n5eBA==",
      "dev": true
    },
    "node_modules/@rbxts/net-ts": {
      "version": "2.1.6",
      "resolved": "https://registry.npmjs.org/@rbxts/net-ts/-/net-ts-2.1.6.tgz",
      "integrity": "sha512-Vl7KPeRvUEOCJnK8ojHbrIn5BrLcnGb0nJYFUDY9MPirHlzzHWNZOkWvP8LUdwWw7AFxNBWM/U9r/6P2rtKiTw=="
    },
    "node_modules/@rbxts/services": {
      "version": "1.2.2",
      "resolved": "https://registry.npmjs.org/@rbxts/services/-/services-1.2.2.tgz",
      "integrity": "sha512-zl9V2pEud1fMhgJfYNblA7WvAme8H8Eex7wXVnK0/IjIxXsiH4NsNrltFfkgE/mT0XEAJJUg1PpxJ1KvgQqCZA=="
    },
    "node_modules/@rbxts/types": {
      "version": "1.0.571",
      "resolved": "https://registry.npmjs.org/@rbxts/types/-/types-1.0.571.tgz",
      "integrity": "sha512-VKBktp/GefC8uHzzRhZJE8EhQw6Zq2oMzc8dlWoaj2xe6rT2bWllYg4pl7tuw29LjaUuIqWm0GUhbSqMiKmmaQ==",
      "dev": true
    },
    "node_modules/@rbxts/zone-plus": {
      "version": "2.2.3",
      "resolved": "https://registry.npmjs.org/@rbxts/zone-plus/-/zone-plus-2.2.3.tgz",
      "integrity": "sha512-jlbBWRyLVrELk3fUqDLzSAWSswSTqCfDpeALeFp2EEiUi2i0a3f9zcRozwdjYaXvhZSu2Cbsgv5GRmTgLot2Pw=="
    },
    "node_modules/typescript": {
      "version": "4.6.2",
      "resolved": "https://registry.npmjs.org/typescript/-/typescript-4.6.2.tgz",
      "integrity": "sha512-HM/hFigTBHZhLXshn9sN37H085+hQGeJHJ/X7LpBWLID/fbc2acUMfU+lGD98X81sKP+pFa9f0DZmCwB9GnbAg==",
      "dev": true,
      "bin": {
        "tsc": "bin/tsc",
        "tsserver": "bin/tsserver"
      },
      "engines": {
        "node": ">=4.2.0"
      }
    }
  },
  "dependencies": {
    "@rbxts/compiler-types": {
      "version": "1.2.8-types.1",
      "resolved": "https://registry.npmjs.org/@rbxts/compiler-types/-/compiler-types-1.2.8-types.1.tgz",
      "integrity": "sha512-lLcOa8OYJWtVnsYRrX6vc++B1fSVff979+sZ83Wo+Foa9YMf4kqcen/ydhUnu35qinggOYzyB8IUZ3qi7n5eBA==",
      "dev": true
    },
    "@rbxts/net-ts": {
      "version": "2.1.6",
      "resolved": "https://registry.npmjs.org/@rbxts/net-ts/-/net-ts-2.1.6.tgz",
      "integrity": "sha512-Vl7KPeRvUEOCJnK8ojHbrIn5BrLcnGb0nJYFUDY9MPirHlzzHWNZOkWvP8LUdwWw7AFxNBWM/U9r/6P2rtKiTw=="
    },
    "@rbxts/services": {
      "version": "1.2.2",
      "resolved": "https://registry.npmjs.org/@rbxts/services/-/services-1.2.2.tgz",
      "integrity": "sha512-zl9V2pEud1fMhgJfYNblA7WvAme8H8Eex7wXVnK0/IjIxXsiH4NsNrltFfkgE/mT0XEAJJUg1PpxJ1KvgQqCZA=="
    },
    "@rbxts/types": {
      "version": "1.0.571",
      "resolved": "https://registry.npmjs.org/@rbxts/types/-/types-1.0.571.tgz",
      "integrity": "sha512-VKBktp/GefC8uHzzRhZJE8EhQw6Zq2oMzc8dlWoaj2xe6rT2bWllYg4pl7tuw29LjaUuIqWm0GUhbSqMiKmmaQ==",
      "dev": true
    },
    "@rbxts/zone-plus": {
      "version": "2.2.3",
      "resolved": "https://registry.npmjs.org/@rbxts/zone-plus/-/zone-plus-2.2.3.tgz",
      "integrity": "sha512-jlbBWRyLVrELk3fUqDLzSAWSswSTqCfDpeALeFp2EEiUi2i0a3f9zcRozwdjYaXvhZSu2Cbsgv5GRmTgLot2Pw=="
    },
    "typescript": {
      "version": "4.6.2",
      "resolved": "https://registry.npmjs.org/typescript/-/typescript-4.6.2.tgz",
      "integrity": "sha512-HM/hFigTBHZhLXshn9sN37H085+hQGeJHJ/X7LpBWLID/fbc2acUMfU+lGD98X81sKP+pFa9f0DZmCwB9GnbAg==",
      "dev": true
    }
  }
}
